
Microsoft Visual Studio Solution File, Format Version 12.00
# Visual Studio Version 16
VisualStudioVersion = 16.0.31424.327
MinimumVisualStudioVersion = 10.0.40219.1
Project("{FAE04EC0-301F-11D3-BF4B-00C04F79EFBC}") = "M16U4-3", "M16U4-3\M16U4-3.csproj", "{06B7AC78-5F98-44D0-81A6-4747BDEE2FB4}"
EndProject
Project("{FAE04EC0-301F-11D3-BF4B-00C04F79EFBC}") = "M16U4-3.Tests", "M16U4-3.Tests\M16U4-3.Tests.csproj", "{A041623F-6FEA-4F83-83ED-8C8E46574C7E}"
EndProject
Global
	GlobalSection(SolutionConfigurationPlatforms) = preSolution
		Debug|Any CPU = Debug|Any CPU
		Release|Any CPU = Release|Any CPU
	EndGlobalSection
	GlobalSection(ProjectConfigurationPlatforms) = postSolution
		{06B7AC78-5F98-44D0-81A6-4747BDEE2FB4}.Debug|Any CPU.ActiveCfg = Debug|Any CPU
		{06B7AC78-5F98-44D0-81A6-4747BDEE2FB4}.Debug|Any CPU.Build.0 = Debug|Any CPU
		{06B7AC78-5F98-44D0-81A6-4747BDEE2FB4}.Release|Any CPU.ActiveCfg = Release|Any CPU
		{06B7AC78-5F98-44D0-81A6-4747BDEE2FB4}.Release|Any CPU.Build.0 = Release|Any CPU
		{A041623F-6FEA-4F83-83ED-8C8E46574C7E}.Debug|Any CPU.ActiveCfg = Debug|Any CPU
		{A041623F-6FEA-4F83-83ED-8C8E46574C7E}.Debug|Any CPU.Build.0 = Debug|Any CPU
		{A041623F-6FEA-4F83-83ED-8C8E46574C7E}.Release|Any CPU.ActiveCfg = Release|Any CPU
		{A041623F-6FEA-4F83-83ED-8C8E46574C7E}.Release|Any CPU.Build.0 = Release|Any CPU
	EndGlobalSection
	GlobalSection(SolutionProperties) = preSolution
		HideSolutionNode = FALSE
	EndGlobalSection
	GlobalSection(ExtensibilityGlobals) = postSolution
		SolutionGuid = {B9D0630A-1298-4B33-A2A0-96993C71E3AB}
	EndGlobalSection
EndGlobal
